
Microsoft Visual Studio Solution File, Format Version 12.00
# Visual Studio Version 17
VisualStudioVersion = 17.0.32126.317
MinimumVisualStudioVersion = 10.0.40219.1
Project("{FAE04EC0-301F-11D3-BF4B-00C04F79EFBC}") = "Zoomeet.Site", "Zoomeet.Site\Zoomeet.Site.csproj", "{F2D055BB-2A08-4771-AB05-48B5F2233C77}"
EndProject
Global
	GlobalSection(SolutionConfigurationPlatforms) = preSolution
		Debug|Any CPU = Debug|Any CPU
		Release|Any CPU = Release|Any CPU
	EndGlobalSection
	GlobalSection(ProjectConfigurationPlatforms) = postSolution
		{F2D055BB-2A08-4771-AB05-48B5F2233C77}.Debug|Any CPU.ActiveCfg = Debug|Any CPU
		{F2D055BB-2A08-4771-AB05-48B5F2233C77}.Debug|Any CPU.Build.0 = Debug|Any CPU
		{F2D055BB-2A08-4771-AB05-48B5F2233C77}.Release|Any CPU.ActiveCfg = Release|Any CPU
		{F2D055BB-2A08-4771-AB05-48B5F2233C77}.Release|Any CPU.Build.0 = Release|Any CPU
	EndGlobalSection
	GlobalSection(SolutionProperties) = preSolution
		HideSolutionNode = FALSE
	EndGlobalSection
	GlobalSection(ExtensibilityGlobals) = postSolution
		SolutionGuid = {760A91A6-E5D6-4ECF-B2D8-47E07E8299CC}
	EndGlobalSection
EndGlobal
